
Microsoft Visual Studio Solution File, Format Version 12.00
# Visual Studio Version 17
VisualStudioVersion = 17.0.31815.197
MinimumVisualStudioVersion = 10.0.40219.1
Project("{FAE04EC0-301F-11D3-BF4B-00C04F79EFBC}") = "Better Limited Project", "Better Limited Project\Better Limited Project.csproj", "{38D6FDCF-B288-4AC4-BF59-8BE3E8101F91}"
EndProject
Project("{FAE04EC0-301F-11D3-BF4B-00C04F79EFBC}") = "Better Limited Project UnitTests", "Better Limited Project UnitTests\Better Limited Project UnitTests.csproj", "{130333EF-CE18-43D2-A349-24BC001EC0CA}"
EndProject
Global
	GlobalSection(SolutionConfigurationPlatforms) = preSolution
		Debug|Any CPU = Debug|Any CPU
		Release|Any CPU = Release|Any CPU
	EndGlobalSection
	GlobalSection(ProjectConfigurationPlatforms) = postSolution
		{38D6FDCF-B288-4AC4-BF59-8BE3E8101F91}.Debug|Any CPU.ActiveCfg = Debug|Any CPU
		{38D6FDCF-B288-4AC4-BF59-8BE3E8101F91}.Debug|Any CPU.Build.0 = Debug|Any CPU
		{38D6FDCF-B288-4AC4-BF59-8BE3E8101F91}.Release|Any CPU.ActiveCfg = Release|Any CPU
		{38D6FDCF-B288-4AC4-BF59-8BE3E8101F91}.Release|Any CPU.Build.0 = Release|Any CPU
		{130333EF-CE18-43D2-A349-24BC001EC0CA}.Debug|Any CPU.ActiveCfg = Debug|Any CPU
		{130333EF-CE18-43D2-A349-24BC001EC0CA}.Debug|Any CPU.Build.0 = Debug|Any CPU
		{130333EF-CE18-43D2-A349-24BC001EC0CA}.Release|Any CPU.ActiveCfg = Release|Any CPU
		{130333EF-CE18-43D2-A349-24BC001EC0CA}.Release|Any CPU.Build.0 = Release|Any CPU
	EndGlobalSection
	GlobalSection(SolutionProperties) = preSolution
		HideSolutionNode = FALSE
	EndGlobalSection
	GlobalSection(ExtensibilityGlobals) = postSolution
		SolutionGuid = {70EB1C48-ECB9-4BDE-A3DA-BBC3E6A75712}
	EndGlobalSection
EndGlobal
